
Microsoft Visual Studio Solution File, Format Version 12.00
# Visual Studio Version 17
VisualStudioVersion = 17.10.34916.146
MinimumVisualStudioVersion = 10.0.40219.1
Project("{FAE04EC0-301F-11D3-BF4B-00C04F79EFBC}") = "EX3_SoNguyen2byte", "EX3_SoNguyen2byte\EX3_SoNguyen2byte.csproj", "{7804E411-6168-450F-82C5-7FBEFC9AB3B4}"
EndProject
Global
	GlobalSection(SolutionConfigurationPlatforms) = preSolution
		Debug|Any CPU = Debug|Any CPU
		Release|Any CPU = Release|Any CPU
	EndGlobalSection
	GlobalSection(ProjectConfigurationPlatforms) = postSolution
		{7804E411-6168-450F-82C5-7FBEFC9AB3B4}.Debug|Any CPU.ActiveCfg = Debug|Any CPU
		{7804E411-6168-450F-82C5-7FBEFC9AB3B4}.Debug|Any CPU.Build.0 = Debug|Any CPU
		{7804E411-6168-450F-82C5-7FBEFC9AB3B4}.Release|Any CPU.ActiveCfg = Release|Any CPU
		{7804E411-6168-450F-82C5-7FBEFC9AB3B4}.Release|Any CPU.Build.0 = Release|Any CPU
	EndGlobalSection
	GlobalSection(SolutionProperties) = preSolution
		HideSolutionNode = FALSE
	EndGlobalSection
	GlobalSection(ExtensibilityGlobals) = postSolution
		SolutionGuid = {8BE99A4A-9413-4E44-AA76-A1E5BD839209}
	EndGlobalSection
EndGlobal
